
Microsoft Visual Studio Solution File, Format Version 12.00
# Visual Studio Version 17
VisualStudioVersion = 17.0.31903.59
MinimumVisualStudioVersion = 10.0.40219.1
Project("{FAE04EC0-301F-11D3-BF4B-00C04F79EFBC}") = "API", "API\API.csproj", "{1E4733AD-9DF3-42FD-A651-BCC6474E7F15}"
EndProject
Project("{FAE04EC0-301F-11D3-BF4B-00C04F79EFBC}") = "Application", "Application\Application.csproj", "{BB50DDFA-1219-4CEA-8CA5-6C09B893873E}"
EndProject
Project("{FAE04EC0-301F-11D3-BF4B-00C04F79EFBC}") = "Domain", "Domain\Domain.csproj", "{2F6BAFC2-4BFE-4A45-ABA3-D069866AE3CE}"
EndProject
Project("{FAE04EC0-301F-11D3-BF4B-00C04F79EFBC}") = "Persistence", "Persistence\Persistence.csproj", "{15906988-6326-4789-9D87-9509A9C0C188}"
EndProject
Global
	GlobalSection(SolutionConfigurationPlatforms) = preSolution
		Debug|Any CPU = Debug|Any CPU
		Release|Any CPU = Release|Any CPU
	EndGlobalSection
	GlobalSection(SolutionProperties) = preSolution
		HideSolutionNode = FALSE
	EndGlobalSection
	GlobalSection(ProjectConfigurationPlatforms) = postSolution
		{1E4733AD-9DF3-42FD-A651-BCC6474E7F15}.Debug|Any CPU.ActiveCfg = Debug|Any CPU
		{1E4733AD-9DF3-42FD-A651-BCC6474E7F15}.Debug|Any CPU.Build.0 = Debug|Any CPU
		{1E4733AD-9DF3-42FD-A651-BCC6474E7F15}.Release|Any CPU.ActiveCfg = Release|Any CPU
		{1E4733AD-9DF3-42FD-A651-BCC6474E7F15}.Release|Any CPU.Build.0 = Release|Any CPU
		{BB50DDFA-1219-4CEA-8CA5-6C09B893873E}.Debug|Any CPU.ActiveCfg = Debug|Any CPU
		{BB50DDFA-1219-4CEA-8CA5-6C09B893873E}.Debug|Any CPU.Build.0 = Debug|Any CPU
		{BB50DDFA-1219-4CEA-8CA5-6C09B893873E}.Release|Any CPU.ActiveCfg = Release|Any CPU
		{BB50DDFA-1219-4CEA-8CA5-6C09B893873E}.Release|Any CPU.Build.0 = Release|Any CPU
		{2F6BAFC2-4BFE-4A45-ABA3-D069866AE3CE}.Debug|Any CPU.ActiveCfg = Debug|Any CPU
		{2F6BAFC2-4BFE-4A45-ABA3-D069866AE3CE}.Debug|Any CPU.Build.0 = Debug|Any CPU
		{2F6BAFC2-4BFE-4A45-ABA3-D069866AE3CE}.Release|Any CPU.ActiveCfg = Release|Any CPU
		{2F6BAFC2-4BFE-4A45-ABA3-D069866AE3CE}.Release|Any CPU.Build.0 = Release|Any CPU
		{15906988-6326-4789-9D87-9509A9C0C188}.Debug|Any CPU.ActiveCfg = Debug|Any CPU
		{15906988-6326-4789-9D87-9509A9C0C188}.Debug|Any CPU.Build.0 = Debug|Any CPU
		{15906988-6326-4789-9D87-9509A9C0C188}.Release|Any CPU.ActiveCfg = Release|Any CPU
		{15906988-6326-4789-9D87-9509A9C0C188}.Release|Any CPU.Build.0 = Release|Any CPU
	EndGlobalSection
EndGlobal
